{
  "name": "skylark-virtualdom",
  "version": "0.9.0",
  "lockfileVersion": 1,
  "requires": true,
  "dependencies": {
    "skylark-langx": {
      "version": "git+https://github.com/skylarklangx/skylark-langx.git#e5d860da18ed81f5f45319f91a535f619a3012ad",
      "from": "git+https://github.com/skylarklangx/skylark-langx.git#master"
    }
  }
}
